// !$*UTF8*$!
{
	archiveVersion = 1;
	classes = {
	};
	objectVersion = 45;
	objects = {

/* Begin PBXBuildFile section */
		440BBDE80B0537AC0075B7E5 /* QuickLookAzpainter.qlgenerator in CopyFiles */ = {isa = PBXBuildFile; fileRef = 8D576316048677EA00EA77CD /* QuickLookAzpainter.qlgenerator */; settings = {ATTRIBUTES = (CodeSignOnCopy, ); }; };
		627414860B4EEC0B0069E3AD /* ApplicationServices.framework in Frameworks */ = {isa = PBXBuildFile; fileRef = 627414850B4EEC0B0069E3AD /* ApplicationServices.framework */; };
		6274148C0B4EED590069E3AD /* CoreServices.framework in Frameworks */ = {isa = PBXBuildFile; fileRef = 6274148B0B4EED590069E3AD /* CoreServices.framework */; };
		8A57EA76297DC8C100D6197E /* apd.c in Sources */ = {isa = PBXBuildFile; fileRef = 8A57EA75297DC8C100D6197E /* apd.c */; };
		8AC06FBD297E067900D051A0 /* LICENSE in Resources */ = {isa = PBXBuildFile; fileRef = 8AC06FBC297E067900D051A0 /* LICENSE */; };
		8AE1AFEB297959A4008CF761 /* GeneratePreviewForURL.c in Sources */ = {isa = PBXBuildFile; fileRef = 8AE1AFE9297959A3008CF761 /* GeneratePreviewForURL.c */; };
		8AE1AFEC297959A4008CF761 /* GenerateThumbnailForURL.c in Sources */ = {isa = PBXBuildFile; fileRef = 8AE1AFEA297959A4008CF761 /* GenerateThumbnailForURL.c */; };
		8AE1B0F029796621008CF761 /* libz.1.tbd in Frameworks */ = {isa = PBXBuildFile; fileRef = 8AE1B0EF29796621008CF761 /* libz.1.tbd */; };
		8AE1B0F229796A26008CF761 /* apd.h in Headers */ = {isa = PBXBuildFile; fileRef = 8AE1B0F129796A26008CF761 /* apd.h */; };
		8D576312048677EA00EA77CD /* main.c in Sources */ = {isa = PBXBuildFile; fileRef = 08FB77B6FE84183AC02AAC07 /* main.c */; settings = {ATTRIBUTES = (); }; };
		8D5B49A804867FD3000E48DA /* InfoPlist.strings in Resources */ = {isa = PBXBuildFile; fileRef = 8D5B49A704867FD3000E48DA /* InfoPlist.strings */; };
		F23287A00A761867004F5233 /* Cocoa.framework in Frameworks */ = {isa = PBXBuildFile; fileRef = F232879F0A761867004F5233 /* Cocoa.framework */; };
		F28CFC030A3EC0C6000ABFF5 /* QuickLook.framework in Frameworks */ = {isa = PBXBuildFile; fileRef = F28CFC020A3EC0C6000ABFF5 /* QuickLook.framework */; };
/* End PBXBuildFile section */

/* Begin PBXCopyFilesBuildPhase section */
		440BBDFA0B0537B10075B7E5 /* CopyFiles */ = {
			isa = PBXCopyFilesBuildPhase;
			buildActionMask = 12;
			dstPath = $HOME/Library/QuickLook;
			dstSubfolderSpec = 0;
			files = (
				440BBDE80B0537AC0075B7E5 /* QuickLookAzpainter.qlgenerator in CopyFiles */,
			);
			runOnlyForDeploymentPostprocessing = 0;
		};
/* End PBXCopyFilesBuildPhase section */

/* Begin PBXFileReference section */
		089C167EFE841241C02AAC07 /* English */ = {isa = PBXFileReference; fileEncoding = 10; lastKnownFileType = text.plist.strings; name = English; path = English.lproj/InfoPlist.strings; sourceTree = "<group>"; };
		08FB77B6FE84183AC02AAC07 /* main.c */ = {isa = PBXFileReference; fileEncoding = 4; lastKnownFileType = sourcecode.c.c; path = main.c; sourceTree = "<group>"; };
		622150340BBDD60C00126F4B /* Info.plist */ = {isa = PBXFileReference; fileEncoding = 30; lastKnownFileType = text.plist.xml; path = Info.plist; sourceTree = "<group>"; };
		627414850B4EEC0B0069E3AD /* ApplicationServices.framework */ = {isa = PBXFileReference; lastKnownFileType = wrapper.framework; name = ApplicationServices.framework; path = /System/Library/Frameworks/ApplicationServices.framework; sourceTree = "<absolute>"; };
		6274148B0B4EED590069E3AD /* CoreServices.framework */ = {isa = PBXFileReference; lastKnownFileType = wrapper.framework; name = CoreServices.framework; path = /System/Library/Frameworks/CoreServices.framework; sourceTree = "<absolute>"; };
		8A57EA75297DC8C100D6197E /* apd.c */ = {isa = PBXFileReference; lastKnownFileType = sourcecode.c.c; path = apd.c; sourceTree = "<group>"; };
		8AC06FBB297E054700D051A0 /* README.md */ = {isa = PBXFileReference; lastKnownFileType = net.daringfireball.markdown; path = README.md; sourceTree = "<group>"; };
		8AC06FBC297E067900D051A0 /* LICENSE */ = {isa = PBXFileReference; lastKnownFileType = text; path = LICENSE; sourceTree = "<group>"; };
		8AE1AFE9297959A3008CF761 /* GeneratePreviewForURL.c */ = {isa = PBXFileReference; fileEncoding = 4; lastKnownFileType = sourcecode.c.c; path = GeneratePreviewForURL.c; sourceTree = "<group>"; };
		8AE1AFEA297959A4008CF761 /* GenerateThumbnailForURL.c */ = {isa = PBXFileReference; fileEncoding = 4; lastKnownFileType = sourcecode.c.c; path = GenerateThumbnailForURL.c; sourceTree = "<group>"; };
		8AE1B0EF29796621008CF761 /* libz.1.tbd */ = {isa = PBXFileReference; lastKnownFileType = "sourcecode.text-based-dylib-definition"; name = libz.1.tbd; path = usr/lib/libz.1.tbd; sourceTree = SDKROOT; };
		8AE1B0F129796A26008CF761 /* apd.h */ = {isa = PBXFileReference; lastKnownFileType = sourcecode.c.h; path = apd.h; sourceTree = "<group>"; };
		8D576316048677EA00EA77CD /* QuickLookAzpainter.qlgenerator */ = {isa = PBXFileReference; explicitFileType = wrapper.cfbundle; includeInIndex = 0; path = QuickLookAzpainter.qlgenerator; sourceTree = BUILT_PRODUCTS_DIR; };
		F232879F0A761867004F5233 /* Cocoa.framework */ = {isa = PBXFileReference; lastKnownFileType = wrapper.framework; name = Cocoa.framework; path = /System/Library/Frameworks/Cocoa.framework; sourceTree = "<absolute>"; };
		F28CFC020A3EC0C6000ABFF5 /* QuickLook.framework */ = {isa = PBXFileReference; lastKnownFileType = wrapper.framework; name = QuickLook.framework; path = /System/Library/Frameworks/QuickLook.framework; sourceTree = "<absolute>"; };
/* End PBXFileReference section */

/* Begin PBXFrameworksBuildPhase section */
		8D576313048677EA00EA77CD /* Frameworks */ = {
			isa = PBXFrameworksBuildPhase;
			buildActionMask = 2147483647;
			files = (
				8AE1B0F029796621008CF761 /* libz.1.tbd in Frameworks */,
				F28CFC030A3EC0C6000ABFF5 /* QuickLook.framework in Frameworks */,
				F23287A00A761867004F5233 /* Cocoa.framework in Frameworks */,
				627414860B4EEC0B0069E3AD /* ApplicationServices.framework in Frameworks */,
				6274148C0B4EED590069E3AD /* CoreServices.framework in Frameworks */,
			);
			runOnlyForDeploymentPostprocessing = 0;
		};
/* End PBXFrameworksBuildPhase section */

/* Begin PBXGroup section */
		089C166AFE841209C02AAC07 /* QuickLookSketch */ = {
			isa = PBXGroup;
			children = (
				8AC06FBC297E067900D051A0 /* LICENSE */,
				8AC06FBB297E054700D051A0 /* README.md */,
				08FB77AFFE84173DC02AAC07 /* Quick Look Generator */,
				089C167CFE841241C02AAC07 /* Resources */,
				089C1671FE841209C02AAC07 /* External Frameworks and Libraries */,
				19C28FB6FE9D52B211CA2CBB /* Products */,
			);
			name = QuickLookSketch;
			sourceTree = "<group>";
		};
		089C1671FE841209C02AAC07 /* External Frameworks and Libraries */ = {
			isa = PBXGroup;
			children = (
				8AE1B0EF29796621008CF761 /* libz.1.tbd */,
				6274148B0B4EED590069E3AD /* CoreServices.framework */,
				F232879F0A761867004F5233 /* Cocoa.framework */,
				F28CFC020A3EC0C6000ABFF5 /* QuickLook.framework */,
				627414850B4EEC0B0069E3AD /* ApplicationServices.framework */,
			);
			name = "External Frameworks and Libraries";
			sourceTree = "<group>";
		};
		089C167CFE841241C02AAC07 /* Resources */ = {
			isa = PBXGroup;
			children = (
				622150340BBDD60C00126F4B /* Info.plist */,
				8D5B49A704867FD3000E48DA /* InfoPlist.strings */,
			);
			name = Resources;
			sourceTree = "<group>";
		};
		08FB77AFFE84173DC02AAC07 /* Quick Look Generator */ = {
			isa = PBXGroup;
			children = (
				8AE1AFE9297959A3008CF761 /* GeneratePreviewForURL.c */,
				8AE1AFEA297959A4008CF761 /* GenerateThumbnailForURL.c */,
				08FB77B6FE84183AC02AAC07 /* main.c */,
				8AE1B0F129796A26008CF761 /* apd.h */,
				8A57EA75297DC8C100D6197E /* apd.c */,
			);
			name = "Quick Look Generator";
			sourceTree = "<group>";
		};
		19C28FB6FE9D52B211CA2CBB /* Products */ = {
			isa = PBXGroup;
			children = (
				8D576316048677EA00EA77CD /* QuickLookAzpainter.qlgenerator */,
			);
			name = Products;
			sourceTree = "<group>";
		};
/* End PBXGroup section */

/* Begin PBXHeadersBuildPhase section */
		8D57630E048677EA00EA77CD /* Headers */ = {
			isa = PBXHeadersBuildPhase;
			buildActionMask = 2147483647;
			files = (
				8AE1B0F229796A26008CF761 /* apd.h in Headers */,
			);
			runOnlyForDeploymentPostprocessing = 0;
		};
/* End PBXHeadersBuildPhase section */

/* Begin PBXNativeTarget section */
		8D57630D048677EA00EA77CD /* QuickLookAzpainter */ = {
			isa = PBXNativeTarget;
			buildConfigurationList = 2CA3261E0896AD4900168862 /* Build configuration list for PBXNativeTarget "QuickLookAzpainter" */;
			buildPhases = (
				8D57630E048677EA00EA77CD /* Headers */,
				8D57630F048677EA00EA77CD /* Resources */,
				8D576311048677EA00EA77CD /* Sources */,
				8D576313048677EA00EA77CD /* Frameworks */,
				8D576315048677EA00EA77CD /* Rez */,
				440BBDFA0B0537B10075B7E5 /* CopyFiles */,
				8A57EA78297DE0C100D6197E /* ShellScript */,
			);
			buildRules = (
			);
			dependencies = (
			);
			name = QuickLookAzpainter;
			productInstallPath = /Library/Spotlight;
			productName = QuickLookSketch;
			productReference = 8D576316048677EA00EA77CD /* QuickLookAzpainter.qlgenerator */;
			productType = "com.apple.product-type.bundle";
		};
/* End PBXNativeTarget section */

/* Begin PBXProject section */
		089C1669FE841209C02AAC07 /* Project object */ = {
			isa = PBXProject;
			attributes = {
			};
			buildConfigurationList = 2CA326220896AD4900168862 /* Build configuration list for PBXProject "QuickLookAzpainter" */;
			compatibilityVersion = "Xcode 2.4";
			developmentRegion = en;
			hasScannedForEncodings = 1;
			knownRegions = (
				en,
				Base,
				English,
			);
			mainGroup = 089C166AFE841209C02AAC07 /* QuickLookSketch */;
			projectDirPath = "";
			projectRoot = "";
			targets = (
				8D57630D048677EA00EA77CD /* QuickLookAzpainter */,
			);
		};
/* End PBXProject section */

/* Begin PBXResourcesBuildPhase section */
		8D57630F048677EA00EA77CD /* Resources */ = {
			isa = PBXResourcesBuildPhase;
			buildActionMask = 2147483647;
			files = (
				8AC06FBD297E067900D051A0 /* LICENSE in Resources */,
				8D5B49A804867FD3000E48DA /* InfoPlist.strings in Resources */,
			);
			runOnlyForDeploymentPostprocessing = 0;
		};
/* End PBXResourcesBuildPhase section */

/* Begin PBXRezBuildPhase section */
		8D576315048677EA00EA77CD /* Rez */ = {
			isa = PBXRezBuildPhase;
			buildActionMask = 2147483647;
			files = (
			);
			runOnlyForDeploymentPostprocessing = 0;
		};
/* End PBXRezBuildPhase section */

/* Begin PBXShellScriptBuildPhase section */
		8A57EA78297DE0C100D6197E /* ShellScript */ = {
			isa = PBXShellScriptBuildPhase;
			buildActionMask = 2147483647;
			files = (
			);
			inputFileListPaths = (
			);
			inputPaths = (
			);
			outputFileListPaths = (
			);
			outputPaths = (
			);
			runOnlyForDeploymentPostprocessing = 0;
			shellPath = /bin/sh;
			shellScript = "${SRCROOT}/add_dynUTI.sh ${SRCROOT}/test.apd $HOME/Library/QuickLook/QuickLookAzpainter.qlgenerator\n";
		};
/* End PBXShellScriptBuildPhase section */

/* Begin PBXSourcesBuildPhase section */
		8D576311048677EA00EA77CD /* Sources */ = {
			isa = PBXSourcesBuildPhase;
			buildActionMask = 2147483647;
			files = (
				8D576312048677EA00EA77CD /* main.c in Sources */,
				8AE1AFEC297959A4008CF761 /* GenerateThumbnailForURL.c in Sources */,
				8AE1AFEB297959A4008CF761 /* GeneratePreviewForURL.c in Sources */,
				8A57EA76297DC8C100D6197E /* apd.c in Sources */,
			);
			runOnlyForDeploymentPostprocessing = 0;
		};
/* End PBXSourcesBuildPhase section */

/* Begin PBXVariantGroup section */
		8D5B49A704867FD3000E48DA /* InfoPlist.strings */ = {
			isa = PBXVariantGroup;
			children = (
				089C167EFE841241C02AAC07 /* English */,
			);
			name = InfoPlist.strings;
			sourceTree = "<group>";
		};
/* End PBXVariantGroup section */

/* Begin XCBuildConfiguration section */
		2CA3261F0896AD4900168862 /* Debug */ = {
			isa = XCBuildConfiguration;
			buildSettings = {
				ALWAYS_SEARCH_USER_PATHS = NO;
				ARCHS = "$(ARCHS_STANDARD)";
				CODE_SIGN_IDENTITY = "-";
				COPY_PHASE_STRIP = NO;
				FRAMEWORK_SEARCH_PATHS = (
					"$(inherited)",
					"$(FRAMEWORK_SEARCH_PATHS_QUOTED_1)",
				);
				FRAMEWORK_SEARCH_PATHS_QUOTED_1 = "\"$(SYSTEM_LIBRARY_DIR)/Frameworks\"";
				GCC_DYNAMIC_NO_PIC = NO;
				GCC_ENABLE_FIX_AND_CONTINUE = YES;
				GCC_MODEL_TUNING = G5;
				GCC_OPTIMIZATION_LEVEL = 0;
				GCC_PRECOMPILE_PREFIX_HEADER = NO;
				INFOPLIST_FILE = Info.plist;
				INSTALL_PATH = $HOME/Library/QuickLook;
				LIBRARY_SEARCH_PATHS = (
					"$(inherited)",
					"$(PROJECT_DIR)",
				);
				LIBRARY_STYLE = Bundle;
				MACOSX_DEPLOYMENT_TARGET = 10.6;
				PRODUCT_BUNDLE_IDENTIFIER = org.lincerely.azpainter.quicklookgenerator;
				PRODUCT_NAME = QuickLookAzpainter;
				VALID_ARCHS = "i386 x86_64";
				WRAPPER_EXTENSION = qlgenerator;
				ZERO_LINK = YES;
			};
			name = Debug;
		};
		2CA326200896AD4900168862 /* Release */ = {
			isa = XCBuildConfiguration;
			buildSettings = {
				ALWAYS_SEARCH_USER_PATHS = NO;
				ARCHS = "$(ARCHS_STANDARD)";
				CODE_SIGN_IDENTITY = "-";
				FRAMEWORK_SEARCH_PATHS = (
					"$(inherited)",
					"$(FRAMEWORK_SEARCH_PATHS_QUOTED_1)",
				);
				FRAMEWORK_SEARCH_PATHS_QUOTED_1 = "\"$(SYSTEM_LIBRARY_DIR)/Frameworks\"";
				GCC_GENERATE_DEBUGGING_SYMBOLS = NO;
				GCC_MODEL_TUNING = G5;
				GCC_PRECOMPILE_PREFIX_HEADER = NO;
				INFOPLIST_FILE = Info.plist;
				INSTALL_PATH = $HOME/Library/QuickLook;
				LIBRARY_SEARCH_PATHS = (
					"$(inherited)",
					"$(PROJECT_DIR)",
				);
				LIBRARY_STYLE = Bundle;
				MACOSX_DEPLOYMENT_TARGET = 10.6;
				PRODUCT_BUNDLE_IDENTIFIER = org.lincerely.azpainter.quicklookgenerator;
				PRODUCT_NAME = QuickLookAzpainter;
				VALID_ARCHS = "i386 x86_64";
				WRAPPER_EXTENSION = qlgenerator;
			};
			name = Release;
		};
		2CA326230896AD4900168862 /* Debug */ = {
			isa = XCBuildConfiguration;
			buildSettings = {
				GCC_C_LANGUAGE_STANDARD = c99;
				GCC_WARN_ABOUT_RETURN_TYPE = YES;
				GCC_WARN_UNUSED_VARIABLE = YES;
				MACOSX_DEPLOYMENT_TARGET = 10.6;
				PREBINDING = NO;
				PRODUCT_BUNDLE_IDENTIFIER = "$(CFBundleIdentifier)";
				VALID_ARCHS = "i386 x86_64";
			};
			name = Debug;
		};
		2CA326240896AD4900168862 /* Release */ = {
			isa = XCBuildConfiguration;
			buildSettings = {
				GCC_C_LANGUAGE_STANDARD = c99;
				GCC_WARN_ABOUT_RETURN_TYPE = YES;
				GCC_WARN_UNUSED_VARIABLE = YES;
				MACOSX_DEPLOYMENT_TARGET = 10.6;
				PREBINDING = NO;
				PRODUCT_BUNDLE_IDENTIFIER = "$(CFBundleIdentifier)";
				VALID_ARCHS = "i386 x86_64";
			};
			name = Release;
		};
/* End XCBuildConfiguration section */

/* Begin XCConfigurationList section */
		2CA3261E0896AD4900168862 /* Build configuration list for PBXNativeTarget "QuickLookAzpainter" */ = {
			isa = XCConfigurationList;
			buildConfigurations = (
				2CA3261F0896AD4900168862 /* Debug */,
				2CA326200896AD4900168862 /* Release */,
			);
			defaultConfigurationIsVisible = 0;
			defaultConfigurationName = Release;
		};
		2CA326220896AD4900168862 /* Build configuration list for PBXProject "QuickLookAzpainter" */ = {
			isa = XCConfigurationList;
			buildConfigurations = (
				2CA326230896AD4900168862 /* Debug */,
				2CA326240896AD4900168862 /* Release */,
			);
			defaultConfigurationIsVisible = 0;
			defaultConfigurationName = Release;
		};
/* End XCConfigurationList section */
	};
	rootObject = 089C1669FE841209C02AAC07 /* Project object */;
}
